
Microsoft Visual Studio Solution File, Format Version 12.00
Project("{FAE04EC0-301F-11D3-BF4B-00C04F79EFBC}") = "Tinkoff.Trading.OpenApi", "src\Tinkoff.Trading.OpenApi\Tinkoff.Trading.OpenApi.csproj", "{B31300BB-C39D-4C34-9C54-D7F4E4E59630}"
EndProject
Project("{FAE04EC0-301F-11D3-BF4B-00C04F79EFBC}") = "Tinkoff.Trading.OpenApi.Tests", "tests\Tinkoff.Trading.OpenApi.Tests\Tinkoff.Trading.OpenApi.Tests.csproj", "{C44FA877-A081-4CA8-AFEF-F76220A17EC5}"
EndProject
Project("{2150E333-8FDC-42A3-9474-1A3956D46DE8}") = "src", "src", "{F7188E08-6EAF-4E1A-9766-1C56A4D16DEC}"
EndProject
Project("{2150E333-8FDC-42A3-9474-1A3956D46DE8}") = "tests", "tests", "{20B805B4-A769-4B5F-ADE6-1F5961628D49}"
EndProject
Global
	GlobalSection(SolutionConfigurationPlatforms) = preSolution
		Debug|Any CPU = Debug|Any CPU
		Release|Any CPU = Release|Any CPU
	EndGlobalSection
	GlobalSection(ProjectConfigurationPlatforms) = postSolution
		{B31300BB-C39D-4C34-9C54-D7F4E4E59630}.Debug|Any CPU.ActiveCfg = Debug|Any CPU
		{B31300BB-C39D-4C34-9C54-D7F4E4E59630}.Debug|Any CPU.Build.0 = Debug|Any CPU
		{B31300BB-C39D-4C34-9C54-D7F4E4E59630}.Release|Any CPU.ActiveCfg = Release|Any CPU
		{B31300BB-C39D-4C34-9C54-D7F4E4E59630}.Release|Any CPU.Build.0 = Release|Any CPU
		{C44FA877-A081-4CA8-AFEF-F76220A17EC5}.Debug|Any CPU.ActiveCfg = Debug|Any CPU
		{C44FA877-A081-4CA8-AFEF-F76220A17EC5}.Debug|Any CPU.Build.0 = Debug|Any CPU
		{C44FA877-A081-4CA8-AFEF-F76220A17EC5}.Release|Any CPU.ActiveCfg = Release|Any CPU
		{C44FA877-A081-4CA8-AFEF-F76220A17EC5}.Release|Any CPU.Build.0 = Release|Any CPU
	EndGlobalSection
	GlobalSection(NestedProjects) = preSolution
		{B31300BB-C39D-4C34-9C54-D7F4E4E59630} = {F7188E08-6EAF-4E1A-9766-1C56A4D16DEC}
		{C44FA877-A081-4CA8-AFEF-F76220A17EC5} = {20B805B4-A769-4B5F-ADE6-1F5961628D49}
	EndGlobalSection
EndGlobal
